{
  "lockfileVersion": 1,
  "configVersion": 1,
  "workspaces": {
    "": {
      "name": "credit-card-offer-adder",
      "devDependencies": {
        "@biomejs/biome": "catalog:",
        "turbo": "catalog:",
      },
    },
    "apps/offer-adder": {
      "name": "@offers/offer-adder",
      "version": "0.0.0",
      "bin": {
        "offer-adder": "./src/main.ts",
      },
      "dependencies": {
        "@cprussin/option-result": "catalog:",
        "@offers/browser-session": "workspace:*",
        "@offers/config": "workspace:*",
        "@offers/credentials": "workspace:*",
        "@offers/error-message": "workspace:*",
        "@offers/issuer": "workspace:*",
        "@offers/issuer-amex": "workspace:*",
        "@offers/issuer-chase": "workspace:*",
        "@offers/notify": "workspace:*",
        "@offers/ntfy": "workspace:*",
        "@offers/offer": "workspace:*",
        "@offers/offer-run": "workspace:*",
        "@offers/one-time-code": "workspace:*",
        "@offers/one-time-code-imap": "workspace:*",
        "@offers/totp": "workspace:*",
      },
      "devDependencies": {
        "@cprussin/tsconfig": "catalog:",
        "@types/bun": "catalog:",
        "typescript": "catalog:",
      },
    },
    "packages/browser-session": {
      "name": "@offers/browser-session",
      "version": "0.0.0",
      "dependencies": {
        "@offers/config": "workspace:*",
        "@offers/error-message": "workspace:*",
        "playwright": "catalog:",
      },
      "devDependencies": {
        "@cprussin/tsconfig": "catalog:",
        "@types/bun": "catalog:",
        "typescript": "catalog:",
      },
    },
    "packages/config": {
      "name": "@offers/config",
      "version": "0.0.0",
      "dependencies": {
        "@offers/offer": "workspace:*",
        "zod": "catalog:",
      },
      "devDependencies": {
        "@cprussin/tsconfig": "catalog:",
        "@types/bun": "catalog:",
        "typescript": "catalog:",
      },
    },
    "packages/credentials": {
      "name": "@offers/credentials",
      "version": "0.0.0",
      "dependencies": {
        "@offers/error-message": "workspace:*",
        "zod": "catalog:",
      },
      "devDependencies": {
        "@cprussin/tsconfig": "catalog:",
        "@types/bun": "catalog:",
        "typescript": "catalog:",
      },
    },
    "packages/dependency-min-age": {
      "name": "@offers/dependency-min-age",
      "version": "0.0.0",
      "dependencies": {
        "zod": "catalog:",
      },
      "devDependencies": {
        "@cprussin/tsconfig": "catalog:",
        "@types/bun": "catalog:",
        "typescript": "catalog:",
      },
    },
    "packages/error-message": {
      "name": "@offers/error-message",
      "version": "0.0.0",
      "devDependencies": {
        "@cprussin/tsconfig": "catalog:",
        "@types/bun": "catalog:",
        "typescript": "catalog:",
      },
    },
    "packages/issuer": {
      "name": "@offers/issuer",
      "version": "0.0.0",
      "dependencies": {
        "@offers/credentials": "workspace:*",
        "@offers/offer": "workspace:*",
        "playwright": "catalog:",
      },
      "devDependencies": {
        "@cprussin/tsconfig": "catalog:",
        "@types/bun": "catalog:",
        "typescript": "catalog:",
      },
    },
    "packages/issuer-amex": {
      "name": "@offers/issuer-amex",
      "version": "0.0.0",
      "dependencies": {
        "@offers/error-message": "workspace:*",
        "@offers/issuer": "workspace:*",
        "@offers/offer": "workspace:*",
        "playwright": "catalog:",
      },
      "devDependencies": {
        "@cprussin/tsconfig": "catalog:",
        "@types/bun": "catalog:",
        "typescript": "catalog:",
      },
    },
    "packages/issuer-chase": {
      "name": "@offers/issuer-chase",
      "version": "0.0.0",
      "dependencies": {
        "@offers/error-message": "workspace:*",
        "@offers/issuer": "workspace:*",
        "@offers/offer": "workspace:*",
        "playwright": "catalog:",
      },
      "devDependencies": {
        "@cprussin/tsconfig": "catalog:",
        "@types/bun": "catalog:",
        "typescript": "catalog:",
      },
    },
    "packages/notify": {
      "name": "@offers/notify",
      "version": "0.0.0",
      "dependencies": {
        "@cprussin/option-result": "catalog:",
        "@offers/ntfy": "workspace:*",
        "@offers/offer-run": "workspace:*",
      },
      "devDependencies": {
        "@cprussin/tsconfig": "catalog:",
        "@types/bun": "catalog:",
        "typescript": "catalog:",
      },
    },
    "packages/ntfy": {
      "name": "@offers/ntfy",
      "version": "0.0.0",
      "dependencies": {
        "@cprussin/option-result": "catalog:",
        "zod": "catalog:",
      },
      "devDependencies": {
        "@cprussin/tsconfig": "catalog:",
        "@types/bun": "catalog:",
        "typescript": "catalog:",
      },
    },
    "packages/offer": {
      "name": "@offers/offer",
      "version": "0.0.0",
      "dependencies": {
        "@offers/error-message": "workspace:*",
      },
      "devDependencies": {
        "@cprussin/tsconfig": "catalog:",
        "@types/bun": "catalog:",
        "typescript": "catalog:",
      },
    },
    "packages/offer-run": {
      "name": "@offers/offer-run",
      "version": "0.0.0",
      "dependencies": {
        "@cprussin/option-result": "catalog:",
        "@offers/config": "workspace:*",
        "@offers/error-message": "workspace:*",
        "@offers/offer": "workspace:*",
      },
      "devDependencies": {
        "@cprussin/tsconfig": "catalog:",
        "@types/bun": "catalog:",
        "typescript": "catalog:",
      },
    },
    "packages/one-time-code": {
      "name": "@offers/one-time-code",
      "version": "0.0.0",
      "dependencies": {
        "@cprussin/option-result": "catalog:",
        "@offers/error-message": "workspace:*",
        "@offers/ntfy": "workspace:*",
      },
      "devDependencies": {
        "@cprussin/tsconfig": "catalog:",
        "@types/bun": "catalog:",
        "typescript": "catalog:",
      },
    },
    "packages/one-time-code-imap": {
      "name": "@offers/one-time-code-imap",
      "version": "0.0.0",
      "dependencies": {
        "@cprussin/option-result": "catalog:",
        "@offers/error-message": "workspace:*",
        "@offers/one-time-code": "workspace:*",
        "imapflow": "catalog:",
        "mailparser": "catalog:",
      },
      "devDependencies": {
        "@cprussin/tsconfig": "catalog:",
        "@types/bun": "catalog:",
        "@types/mailparser": "catalog:",
        "typescript": "catalog:",
      },
    },
    "packages/totp": {
      "name": "@offers/totp",
      "version": "0.0.0",
      "devDependencies": {
        "@cprussin/tsconfig": "catalog:",
        "@types/bun": "catalog:",
        "typescript": "catalog:",
      },
    },
  },
  "catalog": {
    "@biomejs/biome": "^2.5.7",
    "@cprussin/option-result": "^2.0.1",
    "@cprussin/tsconfig": "^5.0.0",
    "@types/bun": "^1.3.14",
    "@types/mailparser": "^3.4.6",
    "imapflow": "^1.0.194",
    "mailparser": "^3.7.4",
    "playwright": "1.61.1",
    "turbo": "^2.10.8",
    "typescript": "^6.0.3",
    "zod": "^4.4.3",
  },
  "packages": {
    "@biomejs/biome": ["@biomejs/biome@2.5.7", "", { "optionalDependencies": { "@biomejs/cli-darwin-arm64": "2.5.7", "@biomejs/cli-darwin-x64": "2.5.7", "@biomejs/cli-linux-arm64": "2.5.7", "@biomejs/cli-linux-arm64-musl": "2.5.7", "@biomejs/cli-linux-x64": "2.5.7", "@biomejs/cli-linux-x64-musl": "2.5.7", "@biomejs/cli-win32-arm64": "2.5.7", "@biomejs/cli-win32-x64": "2.5.7" }, "bin": { "biome": "bin/biome" } }, "sha512-zr8K/DcY5tYsQOQwqMJ0AWElo6QgmgNI7idXgXLhevVszlt8RGVpesEJPqx3ThazLaOwjJ5Y8fz3BtH5fGZNsw=="],

    "@biomejs/cli-darwin-arm64": ["@biomejs/cli-darwin-arm64@2.5.7", "", { "os": "darwin", "cpu": "arm64" }, "sha512-vxo/Ls3/PYdQWyLhYYcgMOCzQypAjcY+iihS8M0wW03l16TCLW4zqZzGo75gm1VdCMj38hTVZ31KBWrZ4G9dJw=="],

    "@biomejs/cli-darwin-x64": ["@biomejs/cli-darwin-x64@2.5.7", "", { "os": "darwin", "cpu": "x64" }, "sha512-Cd3Ga61amT/Yl/0x8elP5hhGYaFy4bw6WuysTgf7oo8TA5tJ5A1k+DkVoJ2BHbTVil51gTX9VPzArnrlLJ3Kyg=="],

    "@biomejs/cli-linux-arm64": ["@biomejs/cli-linux-arm64@2.5.7", "", { "os": "linux", "cpu": "arm64" }, "sha512-rR2QE0yF2GYSuYuKIa7pKvODGJqnOH+2eDREAM8wV+mWKSkMQKdAp4zXEZfTaxY8PMoNONnpgSWcBCyLDPDOKg=="],

    "@biomejs/cli-linux-arm64-musl": ["@biomejs/cli-linux-arm64-musl@2.5.7", "", { "os": "linux", "cpu": "arm64" }, "sha512-xPI5yB6XlpDbNkS+bm1t42olw5c4l3UrlOmLg7KtLJvjvkNF/1V4tnUgfkylGIeb3u/T+BzMGYqgQhzjAoJzuQ=="],

    "@biomejs/cli-linux-x64": ["@biomejs/cli-linux-x64@2.5.7", "", { "os": "linux", "cpu": "x64" }, "sha512-FQgqJhscrqJUFptGaRSUJWlXAExwWcDwLuK49dvKfkQ1bB5SEEyFssnsxQY83Xm6jR0EbbX3+8+D5bfvYqUG2Q=="],

    "@biomejs/cli-linux-x64-musl": ["@biomejs/cli-linux-x64-musl@2.5.7", "", { "os": "linux", "cpu": "x64" }, "sha512-rE5VZi+qtmPgQH+l7jVxYoZ18b/TiHEhulhMpjmCZH1PltSbjRcxNWywC3HZ9tYottG7ORkeTtoscBilKSBm0g=="],

    "@biomejs/cli-win32-arm64": ["@biomejs/cli-win32-arm64@2.5.7", "", { "os": "win32", "cpu": "arm64" }, "sha512-Oq4x0CCwP4jirrcTywXs5kOGZ4v5vuEP+gWrbtjApOA2CL9F3F9GlIdQIci8AKSCa/zURanMRpX/4wQ7Am6hHg=="],

    "@biomejs/cli-win32-x64": ["@biomejs/cli-win32-x64@2.5.7", "", { "os": "win32", "cpu": "x64" }, "sha512-V+0wu/nrj2S+MhP4EQ0uHNolP0IALEsz45pg0WoKkHfDeh0+ItHwP/p7bX5RPoMOl9NkpHYWdYPhIcy2mACHvQ=="],

    "@cprussin/option-result": ["@cprussin/option-result@2.0.1", "", {}, "sha512-FtR98rdUFGBiOclgsu4am/LfeDKGYVoEoScSTw2HRJJ/J2vK35Eq7imCMM4IaRZJwdTycO83eBpv8IvEXQr6dw=="],

    "@cprussin/tsconfig": ["@cprussin/tsconfig@5.0.0", "", { "peerDependencies": { "typescript": "^6.0.3" } }, "sha512-2n2pUP9oIilDUqD0jN/SfINzIMd1Kdnb97aWakPunJXlf3oKrzufl6c7gglHxF1gSJHV9XdWAELwqN9JAJLlIw=="],

    "@offers/browser-session": ["@offers/browser-session@workspace:packages/browser-session"],

    "@offers/config": ["@offers/config@workspace:packages/config"],

    "@offers/credentials": ["@offers/credentials@workspace:packages/credentials"],

    "@offers/dependency-min-age": ["@offers/dependency-min-age@workspace:packages/dependency-min-age"],

    "@offers/error-message": ["@offers/error-message@workspace:packages/error-message"],

    "@offers/issuer": ["@offers/issuer@workspace:packages/issuer"],

    "@offers/issuer-amex": ["@offers/issuer-amex@workspace:packages/issuer-amex"],

    "@offers/issuer-chase": ["@offers/issuer-chase@workspace:packages/issuer-chase"],

    "@offers/notify": ["@offers/notify@workspace:packages/notify"],

    "@offers/ntfy": ["@offers/ntfy@workspace:packages/ntfy"],

    "@offers/offer": ["@offers/offer@workspace:packages/offer"],

    "@offers/offer-adder": ["@offers/offer-adder@workspace:apps/offer-adder"],

    "@offers/offer-run": ["@offers/offer-run@workspace:packages/offer-run"],

    "@offers/one-time-code": ["@offers/one-time-code@workspace:packages/one-time-code"],

    "@offers/one-time-code-imap": ["@offers/one-time-code-imap@workspace:packages/one-time-code-imap"],

    "@offers/totp": ["@offers/totp@workspace:packages/totp"],

    "@pinojs/redact": ["@pinojs/redact@0.4.0", "", {}, "sha512-k2ENnmBugE/rzQfEcdWHcCY+/FM3VLzH9cYEsbdsoqrvzAKRhUZeRNhAZvB8OitQJ1TBed3yqWtdjzS6wJKBwg=="],

    "@selderee/plugin-htmlparser2": ["@selderee/plugin-htmlparser2@0.12.0", "", { "dependencies": { "domelementtype": "~2.3.0", "domhandler": "~5.0.3" }, "peerDependencies": { "selderee": "~0.12.0" } }, "sha512-oELmoyA6ML9jDRMV3kgcMQFKxUfBU0yFVn6yTctVaLT5ygXnxH52I3TZEgV9EhXJC68/uFvE5Daj1/25c0Xa/A=="],

    "@turbo/darwin-64": ["@turbo/darwin-64@2.10.9", "", { "os": "darwin", "cpu": "x64" }, "sha512-Jh+pTGXLNz8+1tkUU13TI/f+ZOI+OvC4YbHi1H+57iSpLt5DR3xgptd+4sA07RdjdRR/RX/01uQQu2OkbzIefA=="],

    "@turbo/darwin-arm64": ["@turbo/darwin-arm64@2.10.9", "", { "os": "darwin", "cpu": "arm64" }, "sha512-aqtpPkiIC4IUas8Vv27oJ3aDfTuP1d5wofd01dZ7gfhHRrIKuFdqQb4imvNnVFahcOViF9Jh8Oi7feDoz8/ciA=="],

    "@turbo/linux-64": ["@turbo/linux-64@2.10.9", "", { "os": [ "linux", "android", ], "cpu": "x64" }, "sha512-XyAneUBsS5uNOUOjBSs81zyigMVwwhVUd3u7F2JFMKGQk6F7eNAiOEBASJ+aHLldjYsOEjhfW+5gWIqwziyFFw=="],

    "@turbo/linux-arm64": ["@turbo/linux-arm64@2.10.9", "", { "os": [ "linux", "android", ], "cpu": "arm64" }, "sha512-5jAcldLnkuWIjujGhCn2MGIeUwW8IVNOq9Sce4EEzzgLcxmhTasbV0RiW6ZkaRdOjmOCGzeNXPLkDJEOIucOLw=="],

    "@turbo/windows-64": ["@turbo/windows-64@2.10.9", "", { "os": "win32", "cpu": "x64" }, "sha512-u1xGpGlefzuhBedbt/VR2nWdftfFVZwPeDg9e5uZl68sV1fL3HNYTNr5VyHkzgtPK2VTYg1x4OKZuGrh1Gvhtg=="],

    "@turbo/windows-arm64": ["@turbo/windows-arm64@2.10.9", "", { "os": "win32", "cpu": "arm64" }, "sha512-W2Ub165Qv0iMFljbYKxxbZN+2dVSngnzEjQNEFXtnz5oJVx9XSypmNmUvMtuYMeZ3kdVC1zI7yd/rtuX+SDnbg=="],

    "@types/bun": ["@types/bun@1.3.14", "", { "dependencies": { "bun-types": "1.3.14" } }, "sha512-h1hFqFVcvAvD9j9K7ZW7vd82aSA+rTdznZa+5bwvCwqSB1jmmfLcbIWhOLx1/+boy/xmjgCs/OMUL8hRJSmnPw=="],

    "@types/mailparser": ["@types/mailparser@3.4.6", "", { "dependencies": { "@types/node": "*", "iconv-lite": "^0.6.3" } }, "sha512-wVV3cnIKzxTffaPH8iRnddX1zahbYB1ZEoAxyhoBo3TBCBuK6nZ8M8JYO/RhsCuuBVOw/DEN/t/ENbruwlxn6Q=="],

    "@types/node": ["@types/node@26.2.0", "", { "dependencies": { "undici-types": "~8.3.0" } }, "sha512-5IviulTZeRNp2vAJ514cc/HUlY5nZ9fCbq9DMyC52BrhFZACo3nI0R7qBxhQmo/d27NFe96ur/b7Wwxklda+kg=="],

    "@zone-eu/mailsplit": ["@zone-eu/mailsplit@5.4.15", "", { "dependencies": { "libbase64": "1.3.0", "libmime": "5.4.2", "libqp": "2.1.1" } }, "sha512-c7ZpxauvF4AEkDJlKDYO7iMUtMuqJMBnDWNff1cyx+d7zaBVR3iFEmXhNHOVoMmVyVF3pTZLsLIJsEFKDldOAA=="],

    "atomic-sleep": ["atomic-sleep@1.0.0", "", {}, "sha512-kNOjDqAh7px0XWNI+4QbzoiR/nTkHAWNud2uvnJquD1/x5a7EQZMJT0AczqK0Qn67oY/TTQ1LbUKajZpp3I9tQ=="],

    "bun-types": ["bun-types@1.3.14", "", { "dependencies": { "@types/node": "*" } }, "sha512-4N0ig0fEomHt5R0KCFWjovxow98rIoRwKolrYdCcknNwMekCXRnWEUvgu5soYV8QXtVsrUD8B95MBOZGPvr6KQ=="],

    "deepmerge-ts": ["deepmerge-ts@7.1.5", "", {}, "sha512-HOJkrhaYsweh+W+e74Yn7YStZOilkoPb6fycpwNLKzSPtruFs48nYis0zy5yJz1+ktUhHxoRDJ27RQAWLIJVJw=="],

    "dom-serializer": ["dom-serializer@2.0.0", "", { "dependencies": { "domelementtype": "^2.3.0", "domhandler": "^5.0.2", "entities": "^4.2.0" } }, "sha512-wIkAryiqt/nV5EQKqQpo3SToSOV9J0DnbJqwK7Wv/Trc92zIAYZ4FlMu+JPFW1DfGFt81ZTCGgDEabffXeLyJg=="],

    "domelementtype": ["domelementtype@2.3.0", "", {}, "sha512-OLETBj6w0OsagBwdXnPdN0cnMfF9opN69co+7ZrbfPGrdpPVNBUj02spi6B1N7wChLQiPn4CSH/zJvXw56gmHw=="],

    "domhandler": ["domhandler@5.0.3", "", { "dependencies": { "domelementtype": "^2.3.0" } }, "sha512-cgwlv/1iFQiFnU96XXgROh8xTeetsnJiDsTc7TYCLFd9+/WNkIqPTxiM/8pSd8VIrhXGTf1Ny1q1hquVqDJB5w=="],

    "domutils": ["domutils@3.2.2", "", { "dependencies": { "dom-serializer": "^2.0.0", "domelementtype": "^2.3.0", "domhandler": "^5.0.3" } }, "sha512-6kZKyUajlDuqlHKVX1w7gyslj9MPIXzIFiz/rGu35uC1wMi+kMhQwGhl4lt9unC9Vb9INnY9Z3/ZA3+FhASLaw=="],

    "encoding-japanese": ["encoding-japanese@2.2.0", "", {}, "sha512-EuJWwlHPZ1LbADuKTClvHtwbaFn4rOD+dRAbWysqEOXRc2Uui0hJInNJrsdH0c+OhJA4nrCBdSkW4DD5YxAo6A=="],

    "entities": ["entities@4.5.0", "", {}, "sha512-V0hjH4dGPh9Ao5p0MoRY6BVqtwCjhz6vI5LT8AJ55H+4g9/4vbHx1I54fS0XuclLhDHArPQCiMjDxjaL8fPxhw=="],

    "fsevents": ["fsevents@2.3.2", "", { "os": "darwin" }, "sha512-xiqMQR4xAeHTuB9uWm+fFRcIOgKBMiOBP+eXiyT7jsgVCq1bkVygt00oASowB7EdtpOHaaPgKt812P9ab+DDKA=="],

    "he": ["he@1.2.0", "", { "bin": { "he": "bin/he" } }, "sha512-F/1DnUGPopORZi0ni+CvrCgHQ5FyEAHRLSApuYWMmrbSwoN2Mn/7k+Gl38gJnR7yyDZk6WLXwiGod1JOWNDKGw=="],

    "html-to-text": ["html-to-text@10.0.0", "", { "dependencies": { "@selderee/plugin-htmlparser2": "~0.12.0", "deepmerge-ts": "^7.1.5", "dom-serializer": "^2.0.0", "htmlparser2": "^10.1.0", "selderee": "~0.12.0" } }, "sha512-2OH59Gtprdczel+7Rxgpz9hGVJREaf8Lt1H4kZwWHpEn70VQKRuMNGsb2eDbwaTzrYzb0hheiOG1P7Dim0B4dQ=="],

    "htmlparser2": ["htmlparser2@10.1.0", "", { "dependencies": { "domelementtype": "^2.3.0", "domhandler": "^5.0.3", "domutils": "^3.2.2", "entities": "^7.0.1" } }, "sha512-VTZkM9GWRAtEpveh7MSF6SjjrpNVNNVJfFup7xTY3UpFtm67foy9HDVXneLtFVt4pMz5kZtgNcvCniNFb1hlEQ=="],

    "iconv-lite": ["iconv-lite@0.6.3", "", { "dependencies": { "safer-buffer": ">= 2.1.2 < 3.0.0" } }, "sha512-4fCk79wshMdzMp2rH06qWrJE4iolqLhCUH+OiuIgU++RB0+94NlDL81atO7GX55uUKueo0txHNtvEyI6D7WdMw=="],

    "imapflow": ["imapflow@1.6.6", "", { "dependencies": { "@zone-eu/mailsplit": "5.4.15", "encoding-japanese": "2.2.0", "iconv-lite": "0.7.3", "libbase64": "1.3.0", "libmime": "5.4.2", "libqp": "2.1.1", "pino": "10.3.1", "socks": "2.8.9" } }, "sha512-/aDm268JL43M8CI8pGarXrBfVNwk8p/cFuMunND5OFWVTt4hPVKgqbm9+KeajCiP217XKD0NPZ2W4j72Q/D9AQ=="],

    "ip-address": ["ip-address@10.4.0", "", {}, "sha512-oSK96Grm3aP6OrS263xVxbNDGVL7rzBtYdpGqlDG8iQdoenDoTs/nkki+DflYbAEE8Xl6o5YxhxlrKvI3nqKXQ=="],

    "leac": ["leac@0.7.0", "", {}, "sha512-qMrZeyEekgdRQ9o6a4NAB2EQZrv827GJdn1vnapwSJ90hWRB4TzUSunvacPkxQ2TnNqHNI1/zSt0hlo0crG8Jw=="],

    "libbase64": ["libbase64@1.3.0", "", {}, "sha512-GgOXd0Eo6phYgh0DJtjQ2tO8dc0IVINtZJeARPeiIJqge+HdsWSuaDTe8ztQ7j/cONByDZ3zeB325AHiv5O0dg=="],

    "libmime": ["libmime@5.4.2", "", { "dependencies": { "encoding-japanese": "2.2.0", "iconv-lite": "0.7.3", "libbase64": "1.3.0", "libqp": "2.1.1" } }, "sha512-+IQnCOdPiufGBkOii+Ze8F7iniyBzOwvWDbn1DyExBpc9pT2B3IEMQi7GUc/PpqhNUh/sr1SG9UXDITQoR0VIA=="],

    "libqp": ["libqp@2.1.1", "", {}, "sha512-0Wd+GPz1O134cP62YU2GTOPNA7Qgl09XwCqM5zpBv87ERCXdfDtyKXvV7c9U22yWJh44QZqBocFnXN11K96qow=="],

    "linkify-it": ["linkify-it@5.0.2", "", { "dependencies": { "uc.micro": "^2.0.0" } }, "sha512-ONTm2jCMAVZjgQa/Fy1kScXsuOoF5NPTsoFBdE1KVIZ2vAh/r9+Bqo+0jINCBYnavTPQZz38QzFTme79ENoN3Q=="],

    "mailparser": ["mailparser@3.9.15", "", { "dependencies": { "@zone-eu/mailsplit": "5.4.15", "encoding-japanese": "2.2.0", "he": "1.2.0", "html-to-text": "10.0.0", "iconv-lite": "0.7.3", "libmime": "5.4.2", "linkify-it": "5.0.2", "nodemailer": "9.0.5", "punycode.js": "2.3.1", "tlds": "1.261.0" } }, "sha512-/5hgybKDMKFS05jAh8OPeEE7N53lj8nF6ywlo89VPjF2TtwqIQbjaxumQWnJIkmaagnJ6u1eansMOViHFxIXwQ=="],

    "nodemailer": ["nodemailer@9.0.5", "", {}, "sha512-wvjiKvjczmsN7U/8006JOdXubgBk2XFAbioDMbT+sM7cPs0QrhJTa6KBRX7P5REGGkDcLUz/EarWidb8G8C1jQ=="],

    "on-exit-leak-free": ["on-exit-leak-free@2.1.2", "", {}, "sha512-0eJJY6hXLGf1udHwfNftBqH+g73EU4B504nZeKpz1sYRKafAghwxEJunB2O7rDZkL4PGfsMVnTXZ2EjibbqcsA=="],

    "parseley": ["parseley@0.13.1", "", { "dependencies": { "leac": "^0.7.0", "peberminta": "^0.10.0" } }, "sha512-uNBJZzmb60l6p6VWLTmevizNAGnE0xoSf1n0B4q3ntegDNzcS68NRCcBDZTcyXHxt2XhBChsCuqj4M+nChvE/A=="],

    "peberminta": ["peberminta@0.10.0", "", {}, "sha512-80B2AsU+I4Qdb0ZAPSfe9UwvGzwkM37IKIFEvdS3D/3Ndgv2bsuJ0bfG1+iEYO+l7Gfd4EUJmuRyq7efLgRMzQ=="],

    "pino": ["pino@10.3.1", "", { "dependencies": { "@pinojs/redact": "^0.4.0", "atomic-sleep": "^1.0.0", "on-exit-leak-free": "^2.1.0", "pino-abstract-transport": "^3.0.0", "pino-std-serializers": "^7.0.0", "process-warning": "^5.0.0", "quick-format-unescaped": "^4.0.3", "real-require": "^0.2.0", "safe-stable-stringify": "^2.3.1", "sonic-boom": "^4.0.1", "thread-stream": "^4.0.0" }, "bin": { "pino": "bin.js" } }, "sha512-r34yH/GlQpKZbU1BvFFqOjhISRo1MNx1tWYsYvmj6KIRHSPMT2+yHOEb1SG6NMvRoHRF0a07kCOox/9yakl1vg=="],

    "pino-abstract-transport": ["pino-abstract-transport@3.0.0", "", { "dependencies": { "split2": "^4.0.0" } }, "sha512-wlfUczU+n7Hy/Ha5j9a/gZNy7We5+cXp8YL+X+PG8S0KXxw7n/JXA3c46Y0zQznIJ83URJiwy7Lh56WLokNuxg=="],

    "pino-std-serializers": ["pino-std-serializers@7.1.0", "", {}, "sha512-BndPH67/JxGExRgiX1dX0w1FvZck5Wa4aal9198SrRhZjH3GxKQUKIBnYJTdj2HDN3UQAS06HlfcSbQj2OHmaw=="],

    "playwright": ["playwright@1.61.1", "", { "dependencies": { "playwright-core": "1.61.1" }, "optionalDependencies": { "fsevents": "2.3.2" }, "bin": { "playwright": "cli.js" } }, "sha512-DWnY5o3YbLWK4GovuAVwpqL+1VwGNdUGrRr++8j8PtQQzvAVZUIMjKQ90fY689sEJZJBbZVw1rXaOKSTitkzPQ=="],

    "playwright-core": ["playwright-core@1.61.1", "", { "bin": { "playwright-core": "cli.js" } }, "sha512-h7Qlt6m4REp25qvIdvbDtVmD4LqVXfpRxhORv9L0jzETM05p4fuPJ3dKyuSXQxDSbXnmS79HAgi9589lGSpLkg=="],

    "process-warning": ["process-warning@5.1.0", "", {}, "sha512-jQSaVHsPgtyw60e1rQ/A+/ArPEj/S8pS/vFnyGa/gYFXrKk/6RuDkoqVDQ5NI5MmS01698ltlAk0NoDBNLujRw=="],

    "punycode.js": ["punycode.js@2.3.1", "", {}, "sha512-uxFIHU0YlHYhDQtV4R9J6a52SLx28BCjT+4ieh7IGbgwVJWO+km431c4yRlREUAsAmt/uMjQUyQHNEPf0M39CA=="],

    "quick-format-unescaped": ["quick-format-unescaped@4.0.4", "", {}, "sha512-tYC1Q1hgyRuHgloV/YXs2w15unPVh8qfu/qCTfhTYamaw7fyhumKa2yGpdSo87vY32rIclj+4fWYQXUMs9EHvg=="],

    "real-require": ["real-require@0.2.0", "", {}, "sha512-57frrGM/OCTLqLOAh0mhVA9VBMHd+9U7Zb2THMGdBUoZVOtGbJzjxsYGDJ3A9AYYCP4hn6y1TVbaOfzWtm5GFg=="],

    "safe-stable-stringify": ["safe-stable-stringify@2.5.0", "", {}, "sha512-b3rppTKm9T+PsVCBEOUR46GWI7fdOs00VKZ1+9c1EWDaDMvjQc6tUwuFyIprgGgTcWoVHSKrU8H31ZHA2e0RHA=="],

    "safer-buffer": ["safer-buffer@2.1.2", "", {}, "sha512-YZo3K82SD7Riyi0E1EQPojLz7kpepnSQI9IyPbHHg1XXXevb5dJI7tpyN2ADxGcQbHG7vcyRHk0cbwqcQriUtg=="],

    "selderee": ["selderee@0.12.0", "", { "dependencies": { "parseley": "~0.13.1" } }, "sha512-b1YMh3+DHZp59DLna3qVwQ5iOla/nrI6mLBNW02XxU77M3046Df6VLkoaJyFz20VsGIG5kkp+FK0kg4K4HnUFw=="],

    "smart-buffer": ["smart-buffer@4.2.0", "", {}, "sha512-94hK0Hh8rPqQl2xXc3HsaBoOXKV20MToPkcXvwbISWLEs+64sBq5kFgn2kJDHb1Pry9yrP0dxrCI9RRci7RXKg=="],

    "socks": ["socks@2.8.9", "", { "dependencies": { "ip-address": "^10.1.1", "smart-buffer": "^4.2.0" } }, "sha512-LJhUYUvItdQ0LkJTmPeaEObWXAqFyfmP85x0tch/ez9cahmhlBBLbIqDFnvBnUJGagb0JbIQrkBs1wJ+yRYpEw=="],

    "sonic-boom": ["sonic-boom@4.2.1", "", { "dependencies": { "atomic-sleep": "^1.0.0" } }, "sha512-w6AxtubXa2wTXAUsZMMWERrsIRAdrK0Sc+FUytWvYAhBJLyuI4llrMIC1DtlNSdI99EI86KZum2MMq3EAZlF9Q=="],

    "split2": ["split2@4.2.0", "", {}, "sha512-UcjcJOWknrNkF6PLX83qcHM6KHgVKNkV62Y8a5uYDVv9ydGQVwAHMKqHdJje1VTWpljG0WYpCDhrCdAOYH4TWg=="],

    "thread-stream": ["thread-stream@4.2.0", "", { "dependencies": { "real-require": "^1.0.0" } }, "sha512-e2zZ96wSChazBsbENf/Pcm/4swHt2cEKQ92rhUjkL9GCKiTDJIaTBenjE/m9DXi0QBmTMDkFDdOomUy20A1tDQ=="],

    "tlds": ["tlds@1.261.0", "", { "bin": { "tlds": "bin.js" } }, "sha512-QXqwfEl9ddlGBaRFXIvNKK6OhipSiLXuRuLJX5DErz0o0Q0rYxulWLdFryTkV5PkdZct5iMInwYEGe/eR++1AA=="],

    "turbo": ["turbo@2.10.9", "", { "optionalDependencies": { "@turbo/darwin-64": "2.10.9", "@turbo/darwin-arm64": "2.10.9", "@turbo/linux-64": "2.10.9", "@turbo/linux-arm64": "2.10.9", "@turbo/windows-64": "2.10.9", "@turbo/windows-arm64": "2.10.9" }, "bin": { "turbo": "bin/turbo" } }, "sha512-Yl9+ukxH+UmPtKidpDkjn82tvPoEvFNb9UACd9vUomN1Ft0cwl3rx0P8yC1D93W9EOsWRMjllvIDG8y25sFOog=="],

    "typescript": ["typescript@6.0.3", "", { "bin": { "tsc": "bin/tsc", "tsserver": "bin/tsserver" } }, "sha512-y2TvuxSZPDyQakkFRPZHKFm+KKVqIisdg9/CZwm9ftvKXLP8NRWj38/ODjNbr43SsoXqNuAisEf1GdCxqWcdBw=="],

    "uc.micro": ["uc.micro@2.1.0", "", {}, "sha512-ARDJmphmdvUk6Glw7y9DQ2bFkKBHwQHLi2lsaH6PPmz/Ka9sFOBsBluozhDltWmnv9u/cF6Rt87znRTPV+yp/A=="],

    "undici-types": ["undici-types@8.3.0", "", {}, "sha512-j375ScV60dom+YkPFIfTLcOiPxkN/buHz5GobjLhixFuANaNs3C9l4GmrWqejgXWJ7BbJcFYpTEUkS1Ge8bpZQ=="],

    "zod": ["zod@4.4.3", "", {}, "sha512-ytENFjIJFl2UwYglde2jchW2Hwm4GJFLDiSXWdTrJQBIN9Fcyp7n4DhxJEiWNAJMV1/BqWfW/kkg71UDcHJyTQ=="],

    "htmlparser2/entities": ["entities@7.0.1", "", {}, "sha512-TWrgLOFUQTH994YUyl1yT4uyavY5nNB5muff+RtWaqNVCAK408b5ZnnbNAUEWLTCpum9w6arT70i1XdQ4UeOPA=="],

    "imapflow/iconv-lite": ["iconv-lite@0.7.3", "", { "dependencies": { "safer-buffer": ">= 2.1.2 < 3.0.0" } }, "sha512-IKXpvIzjnC9XTAUbVBcMfGS0EPaIXtW6v+zr+RRp+hqULEpo0owZax6wyRwPOJbWbzjYspQwusTsfVr0ifh4uQ=="],

    "libmime/iconv-lite": ["iconv-lite@0.7.3", "", { "dependencies": { "safer-buffer": ">= 2.1.2 < 3.0.0" } }, "sha512-IKXpvIzjnC9XTAUbVBcMfGS0EPaIXtW6v+zr+RRp+hqULEpo0owZax6wyRwPOJbWbzjYspQwusTsfVr0ifh4uQ=="],

    "mailparser/iconv-lite": ["iconv-lite@0.7.3", "", { "dependencies": { "safer-buffer": ">= 2.1.2 < 3.0.0" } }, "sha512-IKXpvIzjnC9XTAUbVBcMfGS0EPaIXtW6v+zr+RRp+hqULEpo0owZax6wyRwPOJbWbzjYspQwusTsfVr0ifh4uQ=="],

    "thread-stream/real-require": ["real-require@1.0.0", "", {}, "sha512-P4nbQYQfePJxRSmY+v/KINxVucm4NF3p3s7pJveMTtom52FR4YGltUQLB8idDXwDDWW+eYrWDFbuzUnjoWHF7g=="],
  }
}
